PODS:
  - Flutter (1.0.0)
  - Stripe (17.0.3)
  - stripe_flutter (0.0.1):
    - Flutter
    - Stripe (= 17.0.3)

DEPENDENCIES:
  - Flutter (from `.symlinks/flutter/ios`)
  - stripe_flutter (from `.symlinks/plugins/stripe_flutter/ios`)

SPEC REPOS:
  trunk:
    - Stripe

EXTERNAL SOURCES:
  Flutter:
    :path: ".symlinks/flutter/ios"
  stripe_flutter:
    :path: ".symlinks/plugins/stripe_flutter/ios"

SPEC CHECKSUMS:
  Flutter: 0e3d915762c693b495b44d77113d4970485de6ec
  Stripe: 30ba9a2ac7297e93de561fed695222ef980ee521
  stripe_flutter: e6d9445f921a0f7c9e589ede7afcb9410977c9b5

PODFILE CHECKSUM: 2c26e2bafa90f053205a9e99ab1fdce88251e293

COCOAPODS: 1.9.0
