PODS:
  - Flutter (1.0.0)
  - Stripe (19.1.0)
  - stripe_flutter (0.0.1):
    - Flutter
    - Stripe (= 19.1.0)

DEPENDENCIES:
  - Flutter (from `.symlinks/flutter/ios`)
  - stripe_flutter (from `.symlinks/plugins/stripe_flutter/ios`)

SPEC REPOS:
  trunk:
    - Stripe

EXTERNAL SOURCES:
  Flutter:
    :path: ".symlinks/flutter/ios"
  stripe_flutter:
    :path: ".symlinks/plugins/stripe_flutter/ios"

SPEC CHECKSUMS:
  Flutter: 0e3d915762c693b495b44d77113d4970485de6ec
  Stripe: 82a3aab0b1a66866eef581139a00adadcb2e6dc4
  stripe_flutter: 05a1b707f68bd689873ae614f980dfa07abcdf87

PODFILE CHECKSUM: 097b64e1c00903a097fa4231dd174c10dfb3b629

COCOAPODS: 1.9.1
